{
  "name": "UFC-Fight-Predictor-ChatBot",
  "lockfileVersion": 3,
  "requires": true,
  "packages": {
    "": {
      "dependencies": {
        "@cloudflare/ai": "^1.2.2",
        "@cloudflare/workers-types": "^4.20251011.0"
      }
    },
    "node_modules/@cloudflare/ai": {
      "version": "1.2.2",
      "resolved": "https://registry.npmjs.org/@cloudflare/ai/-/ai-1.2.2.tgz",
      "integrity": "sha512-dT4gUPKWUERoTHHrbUrhJBIP8P9k6qybw5fK4bnqSAyTL9AvU98D7z6SOT/BwvmOhYA8hzBGNRbQsXyvxniGyA==",
      "deprecated": "Thanks for using @cloudflare/ai: This package has been deprecated in favor of the native binding, learn more here https://developers.cloudflare.com/workers-ai/configuration/bindings/ ",
      "license": "MIT"
    },
    "node_modules/@cloudflare/workers-types": {
      "version": "4.20251011.0",
      "resolved": "https://registry.npmjs.org/@cloudflare/workers-types/-/workers-types-4.20251011.0.tgz",
      "integrity": "sha512-gQpih+pbq3sP4uXltUeCSbPgZxTNp2gQd8639SaIbQMwgA6oJNHLhIART1fWy6DQACngiRzDVULA2x0ohmkGTQ==",
      "license": "MIT OR Apache-2.0"
    }
  }
}
